
Microsoft Visual Studio Solution File, Format Version 12.00
# Visual Studio Version 16
VisualStudioVersion = 16.0.29613.14
MinimumVisualStudioVersion = 10.0.40219.1
Project("{FAE04EC0-301F-11D3-BF4B-00C04F79EFBC}") = "App3_DrivingSchool", "App3_DrivingSchool\App3_DrivingSchool.csproj", "{3C239707-8141-4515-A4C2-CEB2C5F9A95B}"
EndProject
Global
	GlobalSection(SolutionConfigurationPlatforms) = preSolution
		Debug|Any CPU = Debug|Any CPU
		Release|Any CPU = Release|Any CPU
	EndGlobalSection
	GlobalSection(ProjectConfigurationPlatforms) = postSolution
		{3C239707-8141-4515-A4C2-CEB2C5F9A95B}.Debug|Any CPU.ActiveCfg = Debug|Any CPU
		{3C239707-8141-4515-A4C2-CEB2C5F9A95B}.Debug|Any CPU.Build.0 = Debug|Any CPU
		{3C239707-8141-4515-A4C2-CEB2C5F9A95B}.Release|Any CPU.ActiveCfg = Release|Any CPU
		{3C239707-8141-4515-A4C2-CEB2C5F9A95B}.Release|Any CPU.Build.0 = Release|Any CPU
	EndGlobalSection
	GlobalSection(SolutionProperties) = preSolution
		HideSolutionNode = FALSE
	EndGlobalSection
	GlobalSection(ExtensibilityGlobals) = postSolution
		SolutionGuid = {141A1BF3-8860-4471-A25E-BF720D37DDC4}
	EndGlobalSection
EndGlobal
